
Microsoft Visual Studio Solution File, Format Version 12.00
# Visual Studio Version 17
VisualStudioVersion = 17.0.31903.59
MinimumVisualStudioVersion = 10.0.40219.1
Project("{FAE04EC0-301F-11D3-BF4B-00C04F79EFBC}") = "AsyncReportEngine.DataAccess", "AsyncReportEngine.DataAccess\AsyncReportEngine.DataAccess.csproj", "{CE3A1517-CEFB-489E-B5C8-F7A6C300B87B}"
EndProject
Project("{FAE04EC0-301F-11D3-BF4B-00C04F79EFBC}") = "AsyncReportEngine.DataAccess.Abstraction", "AsyncReportEngine.DataAccess.Abstraction\AsyncReportEngine.DataAccess.Abstraction.csproj", "{58A7011B-6707-4F12-8E60-0A7A22E576D1}"
EndProject
Project("{FAE04EC0-301F-11D3-BF4B-00C04F79EFBC}") = "AsyncReportEngine.Services", "AsyncReportEngine.Services\AsyncReportEngine.Services.csproj", "{3840F47B-636D-43E7-AFF0-CD4E442F8AC1}"
EndProject
Project("{FAE04EC0-301F-11D3-BF4B-00C04F79EFBC}") = "AsyncReportEngine.Services.Abstraction", "AsyncReportEngine.Services.Abstraction\AsyncReportEngine.Services.Abstraction.csproj", "{BA92C95A-3FBB-4E01-81C1-E6677B0047A1}"
EndProject
Project("{FAE04EC0-301F-11D3-BF4B-00C04F79EFBC}") = "AsyncReportEngine.Shared", "AsyncReportEngine.Shared\AsyncReportEngine.Shared.csproj", "{0557B97D-4533-4B58-A772-15B6BF13DD3D}"
EndProject
Project("{FAE04EC0-301F-11D3-BF4B-00C04F79EFBC}") = "AsyncReportEngine.Api", "AsyncReportEngine.Api\AsyncReportEngine.Api.csproj", "{C316A018-27E4-42D9-97A5-8BE153F047F6}"
EndProject
Project("{FAE04EC0-301F-11D3-BF4B-00C04F79EFBC}") = "AsyncReportEngine.Worker", "AsyncReportEngine.Worker\AsyncReportEngine.Worker.csproj", "{1EED82F8-6446-4463-984F-138E11EBE401}"
EndProject
Project("{FAE04EC0-301F-11D3-BF4B-00C04F79EFBC}") = "AsyncReportEngine.LoadTester", "AsyncReportEngine.LoadTester\AsyncReportEngine.LoadTester.csproj", "{8C5E2BB1-EC4A-4DB6-AAA1-E3D547E596E1}"
EndProject
Global
	GlobalSection(SolutionConfigurationPlatforms) = preSolution
		Debug|Any CPU = Debug|Any CPU
		Debug|x64 = Debug|x64
		Debug|x86 = Debug|x86
		Release|Any CPU = Release|Any CPU
		Release|x64 = Release|x64
		Release|x86 = Release|x86
	EndGlobalSection
	GlobalSection(ProjectConfigurationPlatforms) = postSolution
		{CE3A1517-CEFB-489E-B5C8-F7A6C300B87B}.Debug|Any CPU.ActiveCfg = Debug|Any CPU
		{CE3A1517-CEFB-489E-B5C8-F7A6C300B87B}.Debug|Any CPU.Build.0 = Debug|Any CPU
		{CE3A1517-CEFB-489E-B5C8-F7A6C300B87B}.Debug|x64.ActiveCfg = Debug|Any CPU
		{CE3A1517-CEFB-489E-B5C8-F7A6C300B87B}.Debug|x64.Build.0 = Debug|Any CPU
		{CE3A1517-CEFB-489E-B5C8-F7A6C300B87B}.Debug|x86.ActiveCfg = Debug|Any CPU
		{CE3A1517-CEFB-489E-B5C8-F7A6C300B87B}.Debug|x86.Build.0 = Debug|Any CPU
		{CE3A1517-CEFB-489E-B5C8-F7A6C300B87B}.Release|Any CPU.ActiveCfg = Release|Any CPU
		{CE3A1517-CEFB-489E-B5C8-F7A6C300B87B}.Release|Any CPU.Build.0 = Release|Any CPU
		{CE3A1517-CEFB-489E-B5C8-F7A6C300B87B}.Release|x64.ActiveCfg = Release|Any CPU
		{CE3A1517-CEFB-489E-B5C8-F7A6C300B87B}.Release|x64.Build.0 = Release|Any CPU
		{CE3A1517-CEFB-489E-B5C8-F7A6C300B87B}.Release|x86.ActiveCfg = Release|Any CPU
		{CE3A1517-CEFB-489E-B5C8-F7A6C300B87B}.Release|x86.Build.0 = Release|Any CPU
		{58A7011B-6707-4F12-8E60-0A7A22E576D1}.Debug|Any CPU.ActiveCfg = Debug|Any CPU
		{58A7011B-6707-4F12-8E60-0A7A22E576D1}.Debug|Any CPU.Build.0 = Debug|Any CPU
		{58A7011B-6707-4F12-8E60-0A7A22E576D1}.Debug|x64.ActiveCfg = Debug|Any CPU
		{58A7011B-6707-4F12-8E60-0A7A22E576D1}.Debug|x64.Build.0 = Debug|Any CPU
		{58A7011B-6707-4F12-8E60-0A7A22E576D1}.Debug|x86.ActiveCfg = Debug|Any CPU
		{58A7011B-6707-4F12-8E60-0A7A22E576D1}.Debug|x86.Build.0 = Debug|Any CPU
		{58A7011B-6707-4F12-8E60-0A7A22E576D1}.Release|Any CPU.ActiveCfg = Release|Any CPU
		{58A7011B-6707-4F12-8E60-0A7A22E576D1}.Release|Any CPU.Build.0 = Release|Any CPU
		{58A7011B-6707-4F12-8E60-0A7A22E576D1}.Release|x64.ActiveCfg = Release|Any CPU
		{58A7011B-6707-4F12-8E60-0A7A22E576D1}.Release|x64.Build.0 = Release|Any CPU
		{58A7011B-6707-4F12-8E60-0A7A22E576D1}.Release|x86.ActiveCfg = Release|Any CPU
		{58A7011B-6707-4F12-8E60-0A7A22E576D1}.Release|x86.Build.0 = Release|Any CPU
		{3840F47B-636D-43E7-AFF0-CD4E442F8AC1}.Debug|Any CPU.ActiveCfg = Debug|Any CPU
		{3840F47B-636D-43E7-AFF0-CD4E442F8AC1}.Debug|Any CPU.Build.0 = Debug|Any CPU
		{3840F47B-636D-43E7-AFF0-CD4E442F8AC1}.Debug|x64.ActiveCfg = Debug|Any CPU
		{3840F47B-636D-43E7-AFF0-CD4E442F8AC1}.Debug|x64.Build.0 = Debug|Any CPU
		{3840F47B-636D-43E7-AFF0-CD4E442F8AC1}.Debug|x86.ActiveCfg = Debug|Any CPU
		{3840F47B-636D-43E7-AFF0-CD4E442F8AC1}.Debug|x86.Build.0 = Debug|Any CPU
		{3840F47B-636D-43E7-AFF0-CD4E442F8AC1}.Release|Any CPU.ActiveCfg = Release|Any CPU
		{3840F47B-636D-43E7-AFF0-CD4E442F8AC1}.Release|Any CPU.Build.0 = Release|Any CPU
		{3840F47B-636D-43E7-AFF0-CD4E442F8AC1}.Release|x64.ActiveCfg = Release|Any CPU
		{3840F47B-636D-43E7-AFF0-CD4E442F8AC1}.Release|x64.Build.0 = Release|Any CPU
		{3840F47B-636D-43E7-AFF0-CD4E442F8AC1}.Release|x86.ActiveCfg = Release|Any CPU
		{3840F47B-636D-43E7-AFF0-CD4E442F8AC1}.Release|x86.Build.0 = Release|Any CPU
		{BA92C95A-3FBB-4E01-81C1-E6677B0047A1}.Debug|Any CPU.ActiveCfg = Debug|Any CPU
		{BA92C95A-3FBB-4E01-81C1-E6677B0047A1}.Debug|Any CPU.Build.0 = Debug|Any CPU
		{BA92C95A-3FBB-4E01-81C1-E6677B0047A1}.Debug|x64.ActiveCfg = Debug|Any CPU
		{BA92C95A-3FBB-4E01-81C1-E6677B0047A1}.Debug|x64.Build.0 = Debug|Any CPU
		{BA92C95A-3FBB-4E01-81C1-E6677B0047A1}.Debug|x86.ActiveCfg = Debug|Any CPU
		{BA92C95A-3FBB-4E01-81C1-E6677B0047A1}.Debug|x86.Build.0 = Debug|Any CPU
		{BA92C95A-3FBB-4E01-81C1-E6677B0047A1}.Release|Any CPU.ActiveCfg = Release|Any CPU
		{BA92C95A-3FBB-4E01-81C1-E6677B0047A1}.Release|Any CPU.Build.0 = Release|Any CPU
		{BA92C95A-3FBB-4E01-81C1-E6677B0047A1}.Release|x64.ActiveCfg = Release|Any CPU
		{BA92C95A-3FBB-4E01-81C1-E6677B0047A1}.Release|x64.Build.0 = Release|Any CPU
		{BA92C95A-3FBB-4E01-81C1-E6677B0047A1}.Release|x86.ActiveCfg = Release|Any CPU
		{BA92C95A-3FBB-4E01-81C1-E6677B0047A1}.Release|x86.Build.0 = Release|Any CPU
		{0557B97D-4533-4B58-A772-15B6BF13DD3D}.Debug|Any CPU.ActiveCfg = Debug|Any CPU
		{0557B97D-4533-4B58-A772-15B6BF13DD3D}.Debug|Any CPU.Build.0 = Debug|Any CPU
		{0557B97D-4533-4B58-A772-15B6BF13DD3D}.Debug|x64.ActiveCfg = Debug|Any CPU
		{0557B97D-4533-4B58-A772-15B6BF13DD3D}.Debug|x64.Build.0 = Debug|Any CPU
		{0557B97D-4533-4B58-A772-15B6BF13DD3D}.Debug|x86.ActiveCfg = Debug|Any CPU
		{0557B97D-4533-4B58-A772-15B6BF13DD3D}.Debug|x86.Build.0 = Debug|Any CPU
		{0557B97D-4533-4B58-A772-15B6BF13DD3D}.Release|Any CPU.ActiveCfg = Release|Any CPU
		{0557B97D-4533-4B58-A772-15B6BF13DD3D}.Release|Any CPU.Build.0 = Release|Any CPU
		{0557B97D-4533-4B58-A772-15B6BF13DD3D}.Release|x64.ActiveCfg = Release|Any CPU
		{0557B97D-4533-4B58-A772-15B6BF13DD3D}.Release|x64.Build.0 = Release|Any CPU
		{0557B97D-4533-4B58-A772-15B6BF13DD3D}.Release|x86.ActiveCfg = Release|Any CPU
		{0557B97D-4533-4B58-A772-15B6BF13DD3D}.Release|x86.Build.0 = Release|Any CPU
		{C316A018-27E4-42D9-97A5-8BE153F047F6}.Debug|Any CPU.ActiveCfg = Debug|Any CPU
		{C316A018-27E4-42D9-97A5-8BE153F047F6}.Debug|Any CPU.Build.0 = Debug|Any CPU
		{C316A018-27E4-42D9-97A5-8BE153F047F6}.Debug|x64.ActiveCfg = Debug|Any CPU
		{C316A018-27E4-42D9-97A5-8BE153F047F6}.Debug|x64.Build.0 = Debug|Any CPU
		{C316A018-27E4-42D9-97A5-8BE153F047F6}.Debug|x86.ActiveCfg = Debug|Any CPU
		{C316A018-27E4-42D9-97A5-8BE153F047F6}.Debug|x86.Build.0 = Debug|Any CPU
		{C316A018-27E4-42D9-97A5-8BE153F047F6}.Release|Any CPU.ActiveCfg = Release|Any CPU
		{C316A018-27E4-42D9-97A5-8BE153F047F6}.Release|Any CPU.Build.0 = Release|Any CPU
		{C316A018-27E4-42D9-97A5-8BE153F047F6}.Release|x64.ActiveCfg = Release|Any CPU
		{C316A018-27E4-42D9-97A5-8BE153F047F6}.Release|x64.Build.0 = Release|Any CPU
		{C316A018-27E4-42D9-97A5-8BE153F047F6}.Release|x86.ActiveCfg = Release|Any CPU
		{C316A018-27E4-42D9-97A5-8BE153F047F6}.Release|x86.Build.0 = Release|Any CPU
		{1EED82F8-6446-4463-984F-138E11EBE401}.Debug|Any CPU.ActiveCfg = Debug|Any CPU
		{1EED82F8-6446-4463-984F-138E11EBE401}.Debug|Any CPU.Build.0 = Debug|Any CPU
		{1EED82F8-6446-4463-984F-138E11EBE401}.Debug|x64.ActiveCfg = Debug|Any CPU
		{1EED82F8-6446-4463-984F-138E11EBE401}.Debug|x64.Build.0 = Debug|Any CPU
		{1EED82F8-6446-4463-984F-138E11EBE401}.Debug|x86.ActiveCfg = Debug|Any CPU
		{1EED82F8-6446-4463-984F-138E11EBE401}.Debug|x86.Build.0 = Debug|Any CPU
		{1EED82F8-6446-4463-984F-138E11EBE401}.Release|Any CPU.ActiveCfg = Release|Any CPU
		{1EED82F8-6446-4463-984F-138E11EBE401}.Release|Any CPU.Build.0 = Release|Any CPU
		{1EED82F8-6446-4463-984F-138E11EBE401}.Release|x64.ActiveCfg = Release|Any CPU
		{1EED82F8-6446-4463-984F-138E11EBE401}.Release|x64.Build.0 = Release|Any CPU
		{1EED82F8-6446-4463-984F-138E11EBE401}.Release|x86.ActiveCfg = Release|Any CPU
		{1EED82F8-6446-4463-984F-138E11EBE401}.Release|x86.Build.0 = Release|Any CPU
		{8C5E2BB1-EC4A-4DB6-AAA1-E3D547E596E1}.Debug|Any CPU.ActiveCfg = Debug|Any CPU
		{8C5E2BB1-EC4A-4DB6-AAA1-E3D547E596E1}.Debug|Any CPU.Build.0 = Debug|Any CPU
		{8C5E2BB1-EC4A-4DB6-AAA1-E3D547E596E1}.Debug|x64.ActiveCfg = Debug|Any CPU
		{8C5E2BB1-EC4A-4DB6-AAA1-E3D547E596E1}.Debug|x64.Build.0 = Debug|Any CPU
		{8C5E2BB1-EC4A-4DB6-AAA1-E3D547E596E1}.Debug|x86.ActiveCfg = Debug|Any CPU
		{8C5E2BB1-EC4A-4DB6-AAA1-E3D547E596E1}.Debug|x86.Build.0 = Debug|Any CPU
		{8C5E2BB1-EC4A-4DB6-AAA1-E3D547E596E1}.Release|Any CPU.ActiveCfg = Release|Any CPU
		{8C5E2BB1-EC4A-4DB6-AAA1-E3D547E596E1}.Release|Any CPU.Build.0 = Release|Any CPU
		{8C5E2BB1-EC4A-4DB6-AAA1-E3D547E596E1}.Release|x64.ActiveCfg = Release|Any CPU
		{8C5E2BB1-EC4A-4DB6-AAA1-E3D547E596E1}.Release|x64.Build.0 = Release|Any CPU
		{8C5E2BB1-EC4A-4DB6-AAA1-E3D547E596E1}.Release|x86.ActiveCfg = Release|Any CPU
		{8C5E2BB1-EC4A-4DB6-AAA1-E3D547E596E1}.Release|x86.Build.0 = Release|Any CPU
	EndGlobalSection
	GlobalSection(SolutionProperties) = preSolution
		HideSolutionNode = FALSE
	EndGlobalSection
	GlobalSection(ExtensibilityGlobals) = postSolution
		SolutionGuid = {3F9AB1C3-5A1E-431E-9A74-BE4D739CA55D}
	EndGlobalSection
EndGlobal
